
Microsoft Visual Studio Solution File, Format Version 12.00
# Visual Studio 15
VisualStudioVersion = 15.0.28307.1778
MinimumVisualStudioVersion = 10.0.40219.1
Project("{FAE04EC0-301F-11D3-BF4B-00C04F79EFBC}") = "ToDoAPI.API", "ToDoAPI.API\ToDoAPI.API.csproj", "{D08A6E8E-D85A-4B27-9B49-9282422BF64A}"
EndProject
Project("{FAE04EC0-301F-11D3-BF4B-00C04F79EFBC}") = "ToDoAPI.DATA.EF", "ToDoAPI.DATA.EF\ToDoAPI.DATA.EF.csproj", "{0D7BAEDD-8CEE-4DD9-9AB5-3FDCC3F535B0}"
EndProject
Project("{2150E333-8FDC-42A3-9474-1A3956D46DE8}") = "Solution Items", "Solution Items", "{FF498460-4E8B-4669-A9ED-26ECE2EC68B3}"
	ProjectSection(SolutionItems) = preProject
		.gitignore = .gitignore
	EndProjectSection
EndProject
Global
	GlobalSection(SolutionConfigurationPlatforms) = preSolution
		Debug|Any CPU = Debug|Any CPU
		Release|Any CPU = Release|Any CPU
	EndGlobalSection
	GlobalSection(ProjectConfigurationPlatforms) = postSolution
		{D08A6E8E-D85A-4B27-9B49-9282422BF64A}.Debug|Any CPU.ActiveCfg = Debug|Any CPU
		{D08A6E8E-D85A-4B27-9B49-9282422BF64A}.Debug|Any CPU.Build.0 = Debug|Any CPU
		{D08A6E8E-D85A-4B27-9B49-9282422BF64A}.Release|Any CPU.ActiveCfg = Release|Any CPU
		{D08A6E8E-D85A-4B27-9B49-9282422BF64A}.Release|Any CPU.Build.0 = Release|Any CPU
		{0D7BAEDD-8CEE-4DD9-9AB5-3FDCC3F535B0}.Debug|Any CPU.ActiveCfg = Debug|Any CPU
		{0D7BAEDD-8CEE-4DD9-9AB5-3FDCC3F535B0}.Debug|Any CPU.Build.0 = Debug|Any CPU
		{0D7BAEDD-8CEE-4DD9-9AB5-3FDCC3F535B0}.Release|Any CPU.ActiveCfg = Release|Any CPU
		{0D7BAEDD-8CEE-4DD9-9AB5-3FDCC3F535B0}.Release|Any CPU.Build.0 = Release|Any CPU
	EndGlobalSection
	GlobalSection(SolutionProperties) = preSolution
		HideSolutionNode = FALSE
	EndGlobalSection
	GlobalSection(ExtensibilityGlobals) = postSolution
		SolutionGuid = {D04A0325-60EF-4072-85A7-062BDC80CF0A}
	EndGlobalSection
EndGlobal
